
Microsoft Visual Studio Solution File, Format Version 12.00
Project("{FAE04EC0-301F-11D3-BF4B-00C04F79EFBC}") = "TECH.CORE", "TECH.CORE\TECH.CORE.csproj", "{435F8490-C025-4F57-80EF-68D921325226}"
EndProject
Project("{FAE04EC0-301F-11D3-BF4B-00C04F79EFBC}") = "TECH.APPLICATION", "TECH.APPLICATION\TECH.APPLICATION.csproj", "{2019D6A5-1BDB-42EE-BEB0-9027FA3C2901}"
EndProject
Project("{FAE04EC0-301F-11D3-BF4B-00C04F79EFBC}") = "TECH.INFRASTRUCTURE", "TECH.INFRASTRUCTURE\TECH.INFRASTRUCTURE.csproj", "{13381E8C-A071-4CFE-842E-25A392BBC143}"
EndProject
Project("{FAE04EC0-301F-11D3-BF4B-00C04F79EFBC}") = "TECH.WEBAPI", "TECH.WEBAPI\TECH.WEBAPI.csproj", "{C4788851-FE12-47D9-92CD-6BB62D48858E}"
EndProject
Project("{FAE04EC0-301F-11D3-BF4B-00C04F79EFBC}") = "TECH.TESTS", "TECH.TESTS\TECH.TESTS.csproj", "{FCF4E54B-BDE4-4C14-BFCD-D39998F917DD}"
EndProject
Global
	GlobalSection(SolutionConfigurationPlatforms) = preSolution
		Debug|Any CPU = Debug|Any CPU
		Release|Any CPU = Release|Any CPU
	EndGlobalSection
	GlobalSection(ProjectConfigurationPlatforms) = postSolution
		{435F8490-C025-4F57-80EF-68D921325226}.Debug|Any CPU.ActiveCfg = Debug|Any CPU
		{435F8490-C025-4F57-80EF-68D921325226}.Debug|Any CPU.Build.0 = Debug|Any CPU
		{435F8490-C025-4F57-80EF-68D921325226}.Release|Any CPU.ActiveCfg = Release|Any CPU
		{435F8490-C025-4F57-80EF-68D921325226}.Release|Any CPU.Build.0 = Release|Any CPU
		{2019D6A5-1BDB-42EE-BEB0-9027FA3C2901}.Debug|Any CPU.ActiveCfg = Debug|Any CPU
		{2019D6A5-1BDB-42EE-BEB0-9027FA3C2901}.Debug|Any CPU.Build.0 = Debug|Any CPU
		{2019D6A5-1BDB-42EE-BEB0-9027FA3C2901}.Release|Any CPU.ActiveCfg = Release|Any CPU
		{2019D6A5-1BDB-42EE-BEB0-9027FA3C2901}.Release|Any CPU.Build.0 = Release|Any CPU
		{13381E8C-A071-4CFE-842E-25A392BBC143}.Debug|Any CPU.ActiveCfg = Debug|Any CPU
		{13381E8C-A071-4CFE-842E-25A392BBC143}.Debug|Any CPU.Build.0 = Debug|Any CPU
		{13381E8C-A071-4CFE-842E-25A392BBC143}.Release|Any CPU.ActiveCfg = Release|Any CPU
		{13381E8C-A071-4CFE-842E-25A392BBC143}.Release|Any CPU.Build.0 = Release|Any CPU
		{C4788851-FE12-47D9-92CD-6BB62D48858E}.Debug|Any CPU.ActiveCfg = Debug|Any CPU
		{C4788851-FE12-47D9-92CD-6BB62D48858E}.Debug|Any CPU.Build.0 = Debug|Any CPU
		{C4788851-FE12-47D9-92CD-6BB62D48858E}.Release|Any CPU.ActiveCfg = Release|Any CPU
		{C4788851-FE12-47D9-92CD-6BB62D48858E}.Release|Any CPU.Build.0 = Release|Any CPU
		{FCF4E54B-BDE4-4C14-BFCD-D39998F917DD}.Debug|Any CPU.ActiveCfg = Debug|Any CPU
		{FCF4E54B-BDE4-4C14-BFCD-D39998F917DD}.Debug|Any CPU.Build.0 = Debug|Any CPU
		{FCF4E54B-BDE4-4C14-BFCD-D39998F917DD}.Release|Any CPU.ActiveCfg = Release|Any CPU
		{FCF4E54B-BDE4-4C14-BFCD-D39998F917DD}.Release|Any CPU.Build.0 = Release|Any CPU
	EndGlobalSection
EndGlobal
